{
  "name": "jdnconvertiblecalendardateadapter",
  "version": "0.0.1",
  "lockfileVersion": 1,
  "requires": true,
  "dependencies": {
    "@angular/animations": {
      "version": "5.2.0",
      "resolved": "https://registry.npmjs.org/@angular/animations/-/animations-5.2.0.tgz",
      "integrity": "sha512-JLR42YHiJppO4ruAkFxgbzghUDtHkXHkKPM8udd2qyt16T7e1OX7EEOrrmldUu59CC56tZnJ/32p4SrYmxyBSA==",
      "requires": {
        "tslib": "1.8.1"
      }
    },
    "@angular/cdk": {
      "version": "5.0.4",
      "resolved": "https://registry.npmjs.org/@angular/cdk/-/cdk-5.0.4.tgz",
      "integrity": "sha512-6IKDOhDrfKdywTZNTWZbM1O8Q3cTi7uIOAyFC9sXitg0JUy2SHms0UY9FdW32BABIsZp692ofMCMdMPjHDjwwA==",
      "requires": {
        "tslib": "1.8.1"
      }
    },
    "@angular/common": {
      "version": "5.2.0",
      "resolved": "https://registry.npmjs.org/@angular/common/-/common-5.2.0.tgz",
      "integrity": "sha512-yMFn2isC7/XOs56/2Kzzbb1AASHiwipAPOVFtKe7TdZQClO8fJXwCnk326rzr615+CG0eSBNQWeiFGyWN2riBA==",
      "requires": {
        "tslib": "1.8.1"
      }
    },
    "@angular/compiler": {
      "version": "5.2.0",
      "resolved": "https://registry.npmjs.org/@angular/compiler/-/compiler-5.2.0.tgz",
      "integrity": "sha512-RfYa4ESgjGX0T0ob/Xz00IF7nd2xZkoyRy6oKgL82q42uzB3xZUDMrFNgeGxAUs3H22IkL46/5SSPOMOTMZ0NA==",
      "requires": {
        "tslib": "1.8.1"
      }
    },
    "@angular/core": {
      "version": "5.2.0",
      "resolved": "https://registry.npmjs.org/@angular/core/-/core-5.2.0.tgz",
      "integrity": "sha512-s2ne45DguNUubhC1YgybGECC4Tyx3G4EZCntUiRMDWWkmKXSK+6dgHMesyDo8R5Oat8VfN4Anf8l3JHS1He8kg==",
      "requires": {
        "tslib": "1.8.1"
      }
    },
    "@angular/forms": {
      "version": "5.2.0",
      "resolved": "https://registry.npmjs.org/@angular/forms/-/forms-5.2.0.tgz",
      "integrity": "sha512-g1/SF9lY0ZwzJ0w4NXbFsTGGEuUdgtaZny8DmkaqtmA7idby3FW398X0tv25KQfVYKtL+p9Jp1Y8EI0CvrIsvw==",
      "requires": {
        "tslib": "1.8.1"
      }
    },
    "@angular/http": {
      "version": "5.2.0",
      "resolved": "https://registry.npmjs.org/@angular/http/-/http-5.2.0.tgz",
      "integrity": "sha512-V5Cl24dP3rCXTTQvDc0TIKoWqBRAa0DWAQbtr7iuDAt5a1vPGdKz5K1sEiiV6ziwX6gzjiwHjUvL+B+WbIUrQA==",
      "requires": {
        "tslib": "1.8.1"
      }
    },
    "@angular/material": {
      "version": "5.0.4",
      "resolved": "https://registry.npmjs.org/@angular/material/-/material-5.0.4.tgz",
      "integrity": "sha512-xrGYPHOlNXpPkventLAvZyTjfCo2A8ZfdyJEHNR4LhFWIjw3ilwb1ihNv4dy/qG56g8L4AwQ2cONxQ0YyZfcWg==",
      "requires": {
        "tslib": "1.8.1"
      }
    },
    "@angular/platform-browser": {
      "version": "5.2.0",
      "resolved": "https://registry.npmjs.org/@angular/platform-browser/-/platform-browser-5.2.0.tgz",
      "integrity": "sha512-c6cR15MfopPwGZ097HdRuAi9+R9BhA3bRRFpP2HmrSSB/BW4ZNovUYwB2QUMSYbd9s0lYTtnavqGm6DKcyF2QA==",
      "requires": {
        "tslib": "1.8.1"
      }
    },
    "@angular/platform-browser-dynamic": {
      "version": "5.2.0",
      "resolved": "https://registry.npmjs.org/@angular/platform-browser-dynamic/-/platform-browser-dynamic-5.2.0.tgz",
      "integrity": "sha512-xG1eNoi8sm4Jcly2y98r5mqYVe3XV8sUJCtOhvGBYtvt4dKEQ5tOns6fWQ0nUbl6Vv3Y0xgGUS1JCtfut3DuaQ==",
      "requires": {
        "tslib": "1.8.1"
      }
    },
    "@angular/platform-server": {
      "version": "5.2.0",
      "resolved": "https://registry.npmjs.org/@angular/platform-server/-/platform-server-5.2.0.tgz",
      "integrity": "sha512-+SS2IcLgjAF553+0U09hB44A+/mbSQ7mrE4Hjm1m7YslpyzM3P5fO9Sfu49QbucaxePc6YjpkxpxP4FJoj9jzA==",
      "requires": {
        "domino": "1.0.30",
        "tslib": "1.8.1",
        "xhr2": "0.1.4"
      }
    },
    "@angular/router": {
      "version": "5.2.0",
      "resolved": "https://registry.npmjs.org/@angular/router/-/router-5.2.0.tgz",
      "integrity": "sha512-VXDXtp2A1GQEUEhXg0ZzqHdTUERLgDSo3/Mmpzt+dgLMKlXDSCykcm4gINwE5VQLGD1zQvDFCCRv3seGRNfrqA==",
      "requires": {
        "tslib": "1.8.1"
      }
    },
    "@types/core-js": {
      "version": "0.9.44",
      "resolved": "https://registry.npmjs.org/@types/core-js/-/core-js-0.9.44.tgz",
      "integrity": "sha512-GkbPxpjIld8NKsjTEWgbpCePXwi2ehSjnR6gz4L1UNemPhceedMDz+vizzvyY1qRItKqLYbcmqTCOK6MhrgDpQ=="
    },
    "angular-tree-component": {
      "version": "6.1.0",
      "resolved": "https://registry.npmjs.org/angular-tree-component/-/angular-tree-component-6.1.0.tgz",
      "integrity": "sha1-nZprKKaIHCByzWMGtVIpV56JQHE=",
      "requires": {
        "lodash": "4.17.4",
        "mobx": "3.4.1",
        "mobx-angular": "2.0.1"
      }
    },
    "domino": {
      "version": "1.0.30",
      "resolved": "https://registry.npmjs.org/domino/-/domino-1.0.30.tgz",
      "integrity": "sha512-ikq8WiDSkICdkElud317F2Sigc6A3EDpWsxWBwIZqOl95km4p/Vc9Rj98id7qKgsjDmExj0AVM7JOd4bb647Xg=="
    },
    "jdnconvertiblecalendar": {
      "version": "0.0.1",
      "resolved": "https://registry.npmjs.org/jdnconvertiblecalendar/-/jdnconvertiblecalendar-0.0.1.tgz",
      "integrity": "sha512-P1XDZjnWlqqcoXo7qedizVOeA7RQKxs7fey3dAGH4XQ/FzE8BS7OGn67wyLRCk+Qb6jSxyhCIP+JuehvD6XKvg=="
    },
    "lodash": {
      "version": "4.17.4",
      "resolved": "https://registry.npmjs.org/lodash/-/lodash-4.17.4.tgz",
      "integrity": "sha1-eCA6TRwyiuHYbcpkYONptX9AVa4="
    },
    "mobx": {
      "version": "3.4.1",
      "resolved": "https://registry.npmjs.org/mobx/-/mobx-3.4.1.tgz",
      "integrity": "sha1-N6vl7ogtQBgo2fJsbBovR2FLu+8="
    },
    "mobx-angular": {
      "version": "2.0.1",
      "resolved": "https://registry.npmjs.org/mobx-angular/-/mobx-angular-2.0.1.tgz",
      "integrity": "sha1-JjjQkWGAgGk7vtAsXfjNcUtSwWc="
    },
    "rxjs": {
      "version": "5.5.6",
      "resolved": "https://registry.npmjs.org/rxjs/-/rxjs-5.5.6.tgz",
      "integrity": "sha512-v4Q5HDC0FHAQ7zcBX7T2IL6O5ltl1a2GX4ENjPXg6SjDY69Cmx9v4113C99a4wGF16ClPv5Z8mghuYorVkg/kg==",
      "requires": {
        "symbol-observable": "1.0.1"
      }
    },
    "symbol-observable": {
      "version": "1.0.1",
      "resolved": "https://registry.npmjs.org/symbol-observable/-/symbol-observable-1.0.1.tgz",
      "integrity": "sha1-g0D8RwLDEi310iKI+IKD9RPT/dQ="
    },
    "ts-helpers": {
      "version": "1.1.2",
      "resolved": "https://registry.npmjs.org/ts-helpers/-/ts-helpers-1.1.2.tgz",
      "integrity": "sha1-/Gm+nx87rtAfsaDvjUz+dIgU2DU="
    },
    "tslib": {
      "version": "1.8.1",
      "resolved": "https://registry.npmjs.org/tslib/-/tslib-1.8.1.tgz",
      "integrity": "sha1-aUavLR1lGnsYY7Ux1uWvpBqkTqw="
    },
    "xhr2": {
      "version": "0.1.4",
      "resolved": "https://registry.npmjs.org/xhr2/-/xhr2-0.1.4.tgz",
      "integrity": "sha1-f4dliEdxbbUCYyOBL4GMras4el8="
    },
    "zone.js": {
      "version": "0.8.20",
      "resolved": "https://registry.npmjs.org/zone.js/-/zone.js-0.8.20.tgz",
      "integrity": "sha512-FXlA37ErSXCMy5RNBcGFgCI/Zivqzr0D19GuvDxhcYIJc7xkFp6c29DKyODJu0Zo+EMyur/WPPgcBh1EHjB9jA=="
    }
  }
}
