{
  "name": "jdnconvertiblecalendardateadapter",
  "version": "0.0.1",
  "lockfileVersion": 1,
  "requires": true,
  "dependencies": {
    "@angular/cdk": {
      "version": "2.0.0-beta.12",
      "resolved": "https://registry.npmjs.org/@angular/cdk/-/cdk-2.0.0-beta.12.tgz",
      "integrity": "sha1-OiQ8tiuT9OA5EgunD5ANyeI1Yi4=",
      "requires": {
        "tslib": "1.8.1"
      }
    },
    "@angular/common": {
      "version": "4.4.6",
      "resolved": "https://registry.npmjs.org/@angular/common/-/common-4.4.6.tgz",
      "integrity": "sha1-S4FCByTggooOg5uVpV6xp+g5GPI=",
      "requires": {
        "tslib": "1.8.1"
      }
    },
    "@angular/core": {
      "version": "4.4.6",
      "resolved": "https://registry.npmjs.org/@angular/core/-/core-4.4.6.tgz",
      "integrity": "sha1-EwMf0Q3P5DiHVBmzjyESCVi8I1Q=",
      "requires": {
        "tslib": "1.8.1"
      }
    },
    "@angular/material": {
      "version": "2.0.0-beta.12",
      "resolved": "https://registry.npmjs.org/@angular/material/-/material-2.0.0-beta.12.tgz",
      "integrity": "sha1-cbbQt7AhiR5dDjaIwdS9eMdFf1g=",
      "requires": {
        "tslib": "1.8.1"
      }
    },
    "jdnconvertiblecalendar": {
      "version": "git+https://github.com/dhlab-basel/JDNConvertibleCalendar.git#a2919a1a2e075434e184a8829ef1b7b962f330c2"
    },
    "rxjs": {
      "version": "5.5.5",
      "resolved": "https://registry.npmjs.org/rxjs/-/rxjs-5.5.5.tgz",
      "integrity": "sha512-D/MfQnPMBk8P8gfwGxvCkuaWBcG58W7dUMT//URPoYzIbDEKT0GezdirkK5whMgKFBATfCoTpxO8bJQGJ04W5A==",
      "requires": {
        "symbol-observable": "1.0.1"
      }
    },
    "symbol-observable": {
      "version": "1.0.1",
      "resolved": "https://registry.npmjs.org/symbol-observable/-/symbol-observable-1.0.1.tgz",
      "integrity": "sha1-g0D8RwLDEi310iKI+IKD9RPT/dQ="
    },
    "tslib": {
      "version": "1.8.1",
      "resolved": "https://registry.npmjs.org/tslib/-/tslib-1.8.1.tgz",
      "integrity": "sha1-aUavLR1lGnsYY7Ux1uWvpBqkTqw="
    },
    "zone.js": {
      "version": "0.8.18",
      "resolved": "https://registry.npmjs.org/zone.js/-/zone.js-0.8.18.tgz",
      "integrity": "sha512-knKOBQM0oea3/x9pdyDuDi7RhxDlJhOIkeixXSiTKWLgs4LpK37iBc+1HaHwzlciHUKT172CymJFKo8Xgh+44Q=="
    }
  }
}
